
Microsoft Visual Studio Solution File, Format Version 12.00
# Visual Studio Version 17
VisualStudioVersion = 17.0.31903.59
MinimumVisualStudioVersion = 10.0.40219.1
Project("{FAE04EC0-301F-11D3-BF4B-00C04F79EFBC}") = "Eval.Core", "Eval.Core\Eval.Core.csproj", "{4A0AA776-B5FD-4379-B5B0-23E8112CA133}"
EndProject
Project("{FAE04EC0-301F-11D3-BF4B-00C04F79EFBC}") = "Eval.VectorIndex.InMemory", "Eval.VectorIndex.InMemory\Eval.VectorIndex.InMemory.csproj", "{85420C56-3E0B-47E5-8960-83F08D8818FA}"
EndProject
Project("{FAE04EC0-301F-11D3-BF4B-00C04F79EFBC}") = "Eval.Providers.Ollama", "Eval.Providers.Ollama\Eval.Providers.Ollama.csproj", "{47859AB4-57F3-497F-9BBF-E2CF33B5D9C4}"
EndProject
Project("{FAE04EC0-301F-11D3-BF4B-00C04F79EFBC}") = "Eval.App", "Eval.App\Eval.App.csproj", "{2E88D0E3-8380-4D13-8077-D1A4CFED6DF2}"
EndProject
Project("{2150E333-8FDC-42A3-9474-1A3956D46DE8}") = "Solution Items", "Solution Items", "{8EC462FD-D22E-90A8-E5CE-7E832BA40C5D}"
	ProjectSection(SolutionItems) = preProject
		config.example.json = config.example.json
		corpus.sample.chunks.jsonl = corpus.sample.chunks.jsonl
		eval.sample.questions.jsonl = eval.sample.questions.jsonl
	EndProjectSection
EndProject
Global
	GlobalSection(SolutionConfigurationPlatforms) = preSolution
		Debug|Any CPU = Debug|Any CPU
		Debug|x64 = Debug|x64
		Debug|x86 = Debug|x86
		Release|Any CPU = Release|Any CPU
		Release|x64 = Release|x64
		Release|x86 = Release|x86
	EndGlobalSection
	GlobalSection(ProjectConfigurationPlatforms) = postSolution
		{4A0AA776-B5FD-4379-B5B0-23E8112CA133}.Debug|Any CPU.ActiveCfg = Debug|Any CPU
		{4A0AA776-B5FD-4379-B5B0-23E8112CA133}.Debug|Any CPU.Build.0 = Debug|Any CPU
		{4A0AA776-B5FD-4379-B5B0-23E8112CA133}.Debug|x64.ActiveCfg = Debug|Any CPU
		{4A0AA776-B5FD-4379-B5B0-23E8112CA133}.Debug|x64.Build.0 = Debug|Any CPU
		{4A0AA776-B5FD-4379-B5B0-23E8112CA133}.Debug|x86.ActiveCfg = Debug|Any CPU
		{4A0AA776-B5FD-4379-B5B0-23E8112CA133}.Debug|x86.Build.0 = Debug|Any CPU
		{4A0AA776-B5FD-4379-B5B0-23E8112CA133}.Release|Any CPU.ActiveCfg = Release|Any CPU
		{4A0AA776-B5FD-4379-B5B0-23E8112CA133}.Release|Any CPU.Build.0 = Release|Any CPU
		{4A0AA776-B5FD-4379-B5B0-23E8112CA133}.Release|x64.ActiveCfg = Release|Any CPU
		{4A0AA776-B5FD-4379-B5B0-23E8112CA133}.Release|x64.Build.0 = Release|Any CPU
		{4A0AA776-B5FD-4379-B5B0-23E8112CA133}.Release|x86.ActiveCfg = Release|Any CPU
		{4A0AA776-B5FD-4379-B5B0-23E8112CA133}.Release|x86.Build.0 = Release|Any CPU
		{85420C56-3E0B-47E5-8960-83F08D8818FA}.Debug|Any CPU.ActiveCfg = Debug|Any CPU
		{85420C56-3E0B-47E5-8960-83F08D8818FA}.Debug|Any CPU.Build.0 = Debug|Any CPU
		{85420C56-3E0B-47E5-8960-83F08D8818FA}.Debug|x64.ActiveCfg = Debug|Any CPU
		{85420C56-3E0B-47E5-8960-83F08D8818FA}.Debug|x64.Build.0 = Debug|Any CPU
		{85420C56-3E0B-47E5-8960-83F08D8818FA}.Debug|x86.ActiveCfg = Debug|Any CPU
		{85420C56-3E0B-47E5-8960-83F08D8818FA}.Debug|x86.Build.0 = Debug|Any CPU
		{85420C56-3E0B-47E5-8960-83F08D8818FA}.Release|Any CPU.ActiveCfg = Release|Any CPU
		{85420C56-3E0B-47E5-8960-83F08D8818FA}.Release|Any CPU.Build.0 = Release|Any CPU
		{85420C56-3E0B-47E5-8960-83F08D8818FA}.Release|x64.ActiveCfg = Release|Any CPU
		{85420C56-3E0B-47E5-8960-83F08D8818FA}.Release|x64.Build.0 = Release|Any CPU
		{85420C56-3E0B-47E5-8960-83F08D8818FA}.Release|x86.ActiveCfg = Release|Any CPU
		{85420C56-3E0B-47E5-8960-83F08D8818FA}.Release|x86.Build.0 = Release|Any CPU
		{47859AB4-57F3-497F-9BBF-E2CF33B5D9C4}.Debug|Any CPU.ActiveCfg = Debug|Any CPU
		{47859AB4-57F3-497F-9BBF-E2CF33B5D9C4}.Debug|Any CPU.Build.0 = Debug|Any CPU
		{47859AB4-57F3-497F-9BBF-E2CF33B5D9C4}.Debug|x64.ActiveCfg = Debug|Any CPU
		{47859AB4-57F3-497F-9BBF-E2CF33B5D9C4}.Debug|x64.Build.0 = Debug|Any CPU
		{47859AB4-57F3-497F-9BBF-E2CF33B5D9C4}.Debug|x86.ActiveCfg = Debug|Any CPU
		{47859AB4-57F3-497F-9BBF-E2CF33B5D9C4}.Debug|x86.Build.0 = Debug|Any CPU
		{47859AB4-57F3-497F-9BBF-E2CF33B5D9C4}.Release|Any CPU.ActiveCfg = Release|Any CPU
		{47859AB4-57F3-497F-9BBF-E2CF33B5D9C4}.Release|Any CPU.Build.0 = Release|Any CPU
		{47859AB4-57F3-497F-9BBF-E2CF33B5D9C4}.Release|x64.ActiveCfg = Release|Any CPU
		{47859AB4-57F3-497F-9BBF-E2CF33B5D9C4}.Release|x64.Build.0 = Release|Any CPU
		{47859AB4-57F3-497F-9BBF-E2CF33B5D9C4}.Release|x86.ActiveCfg = Release|Any CPU
		{47859AB4-57F3-497F-9BBF-E2CF33B5D9C4}.Release|x86.Build.0 = Release|Any CPU
		{2E88D0E3-8380-4D13-8077-D1A4CFED6DF2}.Debug|Any CPU.ActiveCfg = Debug|Any CPU
		{2E88D0E3-8380-4D13-8077-D1A4CFED6DF2}.Debug|Any CPU.Build.0 = Debug|Any CPU
		{2E88D0E3-8380-4D13-8077-D1A4CFED6DF2}.Debug|x64.ActiveCfg = Debug|Any CPU
		{2E88D0E3-8380-4D13-8077-D1A4CFED6DF2}.Debug|x64.Build.0 = Debug|Any CPU
		{2E88D0E3-8380-4D13-8077-D1A4CFED6DF2}.Debug|x86.ActiveCfg = Debug|Any CPU
		{2E88D0E3-8380-4D13-8077-D1A4CFED6DF2}.Debug|x86.Build.0 = Debug|Any CPU
		{2E88D0E3-8380-4D13-8077-D1A4CFED6DF2}.Release|Any CPU.ActiveCfg = Release|Any CPU
		{2E88D0E3-8380-4D13-8077-D1A4CFED6DF2}.Release|Any CPU.Build.0 = Release|Any CPU
		{2E88D0E3-8380-4D13-8077-D1A4CFED6DF2}.Release|x64.ActiveCfg = Release|Any CPU
		{2E88D0E3-8380-4D13-8077-D1A4CFED6DF2}.Release|x64.Build.0 = Release|Any CPU
		{2E88D0E3-8380-4D13-8077-D1A4CFED6DF2}.Release|x86.ActiveCfg = Release|Any CPU
		{2E88D0E3-8380-4D13-8077-D1A4CFED6DF2}.Release|x86.Build.0 = Release|Any CPU
	EndGlobalSection
	GlobalSection(SolutionProperties) = preSolution
		HideSolutionNode = FALSE
	EndGlobalSection
	GlobalSection(ExtensibilityGlobals) = postSolution
		SolutionGuid = {3016A40D-291B-4E7F-974E-FCA031301CD4}
	EndGlobalSection
EndGlobal
